
Microsoft Visual Studio Solution File, Format Version 12.00
# Visual Studio Version 16
VisualStudioVersion = 16.0.29509.3
MinimumVisualStudioVersion = 10.0.40219.1
Project("{FAE04EC0-301F-11D3-BF4B-00C04F79EFBC}") = "LichToolWord", "LichToolWord\LichToolWord.csproj", "{1E5F18F1-DA1D-4C84-8D11-B097D0329212}"
EndProject
Project("{FAE04EC0-301F-11D3-BF4B-00C04F79EFBC}") = "LichToolPowerPoint", "..\LichToolPowerPoint\LichToolPowerPoint.csproj", "{39C14AA9-19A2-4A90-8E6A-EBD43B88CFCE}"
EndProject
Project("{FAE04EC0-301F-11D3-BF4B-00C04F79EFBC}") = "UtilLib", "..\Util\UtilLib.csproj", "{B3C163EA-AEAD-4245-9A85-955C20458249}"
EndProject
Global
	GlobalSection(SolutionConfigurationPlatforms) = preSolution
		Debug|Any CPU = Debug|Any CPU
		Release|Any CPU = Release|Any CPU
	EndGlobalSection
	GlobalSection(ProjectConfigurationPlatforms) = postSolution
		{1E5F18F1-DA1D-4C84-8D11-B097D0329212}.Debug|Any CPU.ActiveCfg = Debug|Any CPU
		{1E5F18F1-DA1D-4C84-8D11-B097D0329212}.Debug|Any CPU.Build.0 = Debug|Any CPU
		{1E5F18F1-DA1D-4C84-8D11-B097D0329212}.Release|Any CPU.ActiveCfg = Release|Any CPU
		{1E5F18F1-DA1D-4C84-8D11-B097D0329212}.Release|Any CPU.Build.0 = Release|Any CPU
		{39C14AA9-19A2-4A90-8E6A-EBD43B88CFCE}.Debug|Any CPU.ActiveCfg = Debug|Any CPU
		{39C14AA9-19A2-4A90-8E6A-EBD43B88CFCE}.Debug|Any CPU.Build.0 = Debug|Any CPU
		{39C14AA9-19A2-4A90-8E6A-EBD43B88CFCE}.Release|Any CPU.ActiveCfg = Release|Any CPU
		{39C14AA9-19A2-4A90-8E6A-EBD43B88CFCE}.Release|Any CPU.Build.0 = Release|Any CPU
		{B3C163EA-AEAD-4245-9A85-955C20458249}.Debug|Any CPU.ActiveCfg = Debug|Any CPU
		{B3C163EA-AEAD-4245-9A85-955C20458249}.Debug|Any CPU.Build.0 = Debug|Any CPU
		{B3C163EA-AEAD-4245-9A85-955C20458249}.Release|Any CPU.ActiveCfg = Release|Any CPU
		{B3C163EA-AEAD-4245-9A85-955C20458249}.Release|Any CPU.Build.0 = Release|Any CPU
	EndGlobalSection
	GlobalSection(SolutionProperties) = preSolution
		HideSolutionNode = FALSE
	EndGlobalSection
	GlobalSection(ExtensibilityGlobals) = postSolution
		SolutionGuid = {0612A6DF-3418-4822-986B-4F782B40DB44}
	EndGlobalSection
EndGlobal
